
Microsoft Visual Studio Solution File, Format Version 12.00
# Visual Studio Version 16
VisualStudioVersion = 16.0.31205.134
MinimumVisualStudioVersion = 10.0.40219.1
Project("{FAE04EC0-301F-11D3-BF4B-00C04F79EFBC}") = "Mvc50IndAuth1", "Mvc50IndAuth1\Mvc50IndAuth1.csproj", "{24CE9913-4B2A-47CC-958F-088581E557B4}"
EndProject
Global
	GlobalSection(SolutionConfigurationPlatforms) = preSolution
		Debug|Any CPU = Debug|Any CPU
		Release|Any CPU = Release|Any CPU
	EndGlobalSection
	GlobalSection(ProjectConfigurationPlatforms) = postSolution
		{24CE9913-4B2A-47CC-958F-088581E557B4}.Debug|Any CPU.ActiveCfg = Debug|Any CPU
		{24CE9913-4B2A-47CC-958F-088581E557B4}.Debug|Any CPU.Build.0 = Debug|Any CPU
		{24CE9913-4B2A-47CC-958F-088581E557B4}.Release|Any CPU.ActiveCfg = Release|Any CPU
		{24CE9913-4B2A-47CC-958F-088581E557B4}.Release|Any CPU.Build.0 = Release|Any CPU
	EndGlobalSection
	GlobalSection(SolutionProperties) = preSolution
		HideSolutionNode = FALSE
	EndGlobalSection
	GlobalSection(ExtensibilityGlobals) = postSolution
		SolutionGuid = {1800DA06-8857-435A-BDE6-F27419EFC66A}
	EndGlobalSection
EndGlobal
